
Microsoft Visual Studio Solution File, Format Version 12.00
# Visual Studio Version 17
VisualStudioVersion = 17.10.35122.118
MinimumVisualStudioVersion = 10.0.40219.1
Project("{9A19103F-16F7-4668-BE54-9A1E7A4F7556}") = "MedicalUTP", "MedicalUTP.csproj", "{B48A9064-6D36-4E13-A4B1-EEF62ACFA9CA}"
EndProject
Global
	GlobalSection(SolutionConfigurationPlatforms) = preSolution
		Debug|Any CPU = Debug|Any CPU
		Debug|x64 = Debug|x64
		Release|Any CPU = Release|Any CPU
		Release|x64 = Release|x64
	EndGlobalSection
	GlobalSection(ProjectConfigurationPlatforms) = postSolution
		{B48A9064-6D36-4E13-A4B1-EEF62ACFA9CA}.Debug|Any CPU.ActiveCfg = Debug|Any CPU
		{B48A9064-6D36-4E13-A4B1-EEF62ACFA9CA}.Debug|Any CPU.Build.0 = Debug|Any CPU
		{B48A9064-6D36-4E13-A4B1-EEF62ACFA9CA}.Debug|Any CPU.Deploy.0 = Debug|Any CPU
		{B48A9064-6D36-4E13-A4B1-EEF62ACFA9CA}.Debug|x64.ActiveCfg = Debug|Any CPU
		{B48A9064-6D36-4E13-A4B1-EEF62ACFA9CA}.Debug|x64.Build.0 = Debug|Any CPU
		{B48A9064-6D36-4E13-A4B1-EEF62ACFA9CA}.Debug|x64.Deploy.0 = Debug|Any CPU
		{B48A9064-6D36-4E13-A4B1-EEF62ACFA9CA}.Release|Any CPU.ActiveCfg = Release|Any CPU
		{B48A9064-6D36-4E13-A4B1-EEF62ACFA9CA}.Release|Any CPU.Build.0 = Release|Any CPU
		{B48A9064-6D36-4E13-A4B1-EEF62ACFA9CA}.Release|Any CPU.Deploy.0 = Release|Any CPU
		{B48A9064-6D36-4E13-A4B1-EEF62ACFA9CA}.Release|x64.ActiveCfg = Release|x64
		{B48A9064-6D36-4E13-A4B1-EEF62ACFA9CA}.Release|x64.Build.0 = Release|x64
		{B48A9064-6D36-4E13-A4B1-EEF62ACFA9CA}.Release|x64.Deploy.0 = Release|x64
	EndGlobalSection
	GlobalSection(SolutionProperties) = preSolution
		HideSolutionNode = FALSE
	EndGlobalSection
	GlobalSection(ExtensibilityGlobals) = postSolution
		SolutionGuid = {78DE28D4-28D5-4700-834D-0448F1AFE2C1}
	EndGlobalSection
EndGlobal
